
Microsoft Visual Studio Solution File, Format Version 12.00
# Visual Studio Version 17
VisualStudioVersion = 17.7.34221.43
MinimumVisualStudioVersion = 10.0.40219.1
Project("{9A19103F-16F7-4668-BE54-9A1E7A4F7556}") = "HQsAppWeb", "HQsAppWeb.csproj", "{9C710E13-D1B2-4A4C-B040-CB2128152A12}"
EndProject
Global
	GlobalSection(SolutionConfigurationPlatforms) = preSolution
		Debug|Any CPU = Debug|Any CPU
		Release|Any CPU = Release|Any CPU
	EndGlobalSection
	GlobalSection(ProjectConfigurationPlatforms) = postSolution
		{9C710E13-D1B2-4A4C-B040-CB2128152A12}.Debug|Any CPU.ActiveCfg = Debug|Any CPU
		{9C710E13-D1B2-4A4C-B040-CB2128152A12}.Debug|Any CPU.Build.0 = Debug|Any CPU
		{9C710E13-D1B2-4A4C-B040-CB2128152A12}.Release|Any CPU.ActiveCfg = Release|Any CPU
		{9C710E13-D1B2-4A4C-B040-CB2128152A12}.Release|Any CPU.Build.0 = Release|Any CPU
	EndGlobalSection
	GlobalSection(SolutionProperties) = preSolution
		HideSolutionNode = FALSE
	EndGlobalSection
	GlobalSection(ExtensibilityGlobals) = postSolution
		SolutionGuid = {E41B0718-A083-47C4-A9FC-0BE702588C24}
	EndGlobalSection
EndGlobal
